{
  "name": "svg experiment",
  "lockfileVersion": 2,
  "requires": true,
  "packages": {
    "": {
      "dependencies": {
        "@svgdotjs/svg.js": "^3.2.0"
      }
    },
    "node_modules/@svgdotjs/svg.js": {
      "version": "3.2.0",
      "resolved": "https://registry.npmjs.org/@svgdotjs/svg.js/-/svg.js-3.2.0.tgz",
      "integrity": "sha512-Tr8p+QVP7y+QT1GBlq1Tt57IvedVH8zCPoYxdHLX0Oof3a/PqnC/tXAkVufv1JQJfsDHlH/UrjcDfgxSofqSNA==",
      "funding": {
        "type": "github",
        "url": "https://github.com/sponsors/Fuzzyma"
      }
    }
  },
  "dependencies": {
    "@svgdotjs/svg.js": {
      "version": "3.2.0",
      "resolved": "https://registry.npmjs.org/@svgdotjs/svg.js/-/svg.js-3.2.0.tgz",
      "integrity": "sha512-Tr8p+QVP7y+QT1GBlq1Tt57IvedVH8zCPoYxdHLX0Oof3a/PqnC/tXAkVufv1JQJfsDHlH/UrjcDfgxSofqSNA=="
    }
  }
}
